
Microsoft Visual Studio Solution File, Format Version 12.00
# Visual Studio Version 17
VisualStudioVersion = 17.8.34525.116
MinimumVisualStudioVersion = 10.0.40219.1
Project("{FAE04EC0-301F-11D3-BF4B-00C04F79EFBC}") = "TcpChatWpf", "TcpChatWpf\TcpChatWpf.csproj", "{C358B6F2-6AB2-4ABA-94DE-B3AC0DDA6685}"
EndProject
Global
	GlobalSection(SolutionConfigurationPlatforms) = preSolution
		Debug|Any CPU = Debug|Any CPU
		Release|Any CPU = Release|Any CPU
	EndGlobalSection
	GlobalSection(ProjectConfigurationPlatforms) = postSolution
		{C358B6F2-6AB2-4ABA-94DE-B3AC0DDA6685}.Debug|Any CPU.ActiveCfg = Debug|Any CPU
		{C358B6F2-6AB2-4ABA-94DE-B3AC0DDA6685}.Debug|Any CPU.Build.0 = Debug|Any CPU
		{C358B6F2-6AB2-4ABA-94DE-B3AC0DDA6685}.Release|Any CPU.ActiveCfg = Release|Any CPU
		{C358B6F2-6AB2-4ABA-94DE-B3AC0DDA6685}.Release|Any CPU.Build.0 = Release|Any CPU
	EndGlobalSection
	GlobalSection(SolutionProperties) = preSolution
		HideSolutionNode = FALSE
	EndGlobalSection
	GlobalSection(ExtensibilityGlobals) = postSolution
		SolutionGuid = {BF6FCEA4-5D36-4EB6-86B0-1A2B79CB21D6}
	EndGlobalSection
EndGlobal
